// !$*UTF8*$!
{
	archiveVersion = 1;
	classes = {
	};
	objectVersion = 55;
	objects = {

/* Begin PBXBuildFile section */
		026AEBDB28412B4300262773 /* ResearchProjectApp.swift in Sources */ = {isa = PBXBuildFile; fileRef = 026AEBDA28412B4300262773 /* ResearchProjectApp.swift */; };
		026AEBDF28412B4500262773 /* Assets.xcassets in Resources */ = {isa = PBXBuildFile; fileRef = 026AEBDE28412B4500262773 /* Assets.xcassets */; };
		026AEBE228412B4500262773 /* Preview Assets.xcassets in Resources */ = {isa = PBXBuildFile; fileRef = 026AEBE128412B4500262773 /* Preview Assets.xcassets */; };
		026AEBED28412B8000262773 /* VisualLayoutGuideView.swift in Sources */ = {isa = PBXBuildFile; fileRef = 026AEBEC28412B8000262773 /* VisualLayoutGuideView.swift */; };
		026AEBF028412E9300262773 /* HapticManager.swift in Sources */ = {isa = PBXBuildFile; fileRef = 026AEBEF28412E9300262773 /* HapticManager.swift */; };
		C8582F7628429D3D0067D6CC /* TabContainerView.swift in Sources */ = {isa = PBXBuildFile; fileRef = C8582F7528429D3D0067D6CC /* TabContainerView.swift */; };
		C8582F7828429D4B0067D6CC /* StaggeredGridView.swift in Sources */ = {isa = PBXBuildFile; fileRef = C8582F7728429D4B0067D6CC /* StaggeredGridView.swift */; };
		C8582F7A28429D730067D6CC /* TabItemView.swift in Sources */ = {isa = PBXBuildFile; fileRef = C8582F7928429D730067D6CC /* TabItemView.swift */; };
		C8582F7C2842A0800067D6CC /* StaggeredGridItem.swift in Sources */ = {isa = PBXBuildFile; fileRef = C8582F7B2842A0800067D6CC /* StaggeredGridItem.swift */; };
		C8582F7E2842A0AA0067D6CC /* StaggeredGridLayoutView.swift in Sources */ = {isa = PBXBuildFile; fileRef = C8582F7D2842A0AA0067D6CC /* StaggeredGridLayoutView.swift */; };
/* End PBXBuildFile section */

/* Begin PBXFileReference section */
		026AEBD728412B4300262773 /* ResearchProject.app */ = {isa = PBXFileReference; explicitFileType = wrapper.application; includeInIndex = 0; path = ResearchProject.app; sourceTree = BUILT_PRODUCTS_DIR; };
		026AEBDA28412B4300262773 /* ResearchProjectApp.swift */ = {isa = PBXFileReference; lastKnownFileType = sourcecode.swift; path = ResearchProjectApp.swift; sourceTree = "<group>"; };
		026AEBDE28412B4500262773 /* Assets.xcassets */ = {isa = PBXFileReference; lastKnownFileType = folder.assetcatalog; path = Assets.xcassets; sourceTree = "<group>"; };
		026AEBE128412B4500262773 /* Preview Assets.xcassets */ = {isa = PBXFileReference; lastKnownFileType = folder.assetcatalog; path = "Preview Assets.xcassets"; sourceTree = "<group>"; };
		026AEBEC28412B8000262773 /* VisualLayoutGuideView.swift */ = {isa = PBXFileReference; lastKnownFileType = sourcecode.swift; path = VisualLayoutGuideView.swift; sourceTree = "<group>"; };
		026AEBEF28412E9300262773 /* HapticManager.swift */ = {isa = PBXFileReference; lastKnownFileType = sourcecode.swift; path = HapticManager.swift; sourceTree = "<group>"; };
		C8582F7528429D3D0067D6CC /* TabContainerView.swift */ = {isa = PBXFileReference; lastKnownFileType = sourcecode.swift; path = TabContainerView.swift; sourceTree = "<group>"; };
		C8582F7728429D4B0067D6CC /* StaggeredGridView.swift */ = {isa = PBXFileReference; lastKnownFileType = sourcecode.swift; path = StaggeredGridView.swift; sourceTree = "<group>"; };
		C8582F7928429D730067D6CC /* TabItemView.swift */ = {isa = PBXFileReference; lastKnownFileType = sourcecode.swift; path = TabItemView.swift; sourceTree = "<group>"; };
		C8582F7B2842A0800067D6CC /* StaggeredGridItem.swift */ = {isa = PBXFileReference; lastKnownFileType = sourcecode.swift; name = StaggeredGridItem.swift; path = ResearchProject/Views/StaggeredGridItem.swift; sourceTree = SOURCE_ROOT; };
		C8582F7D2842A0AA0067D6CC /* StaggeredGridLayoutView.swift */ = {isa = PBXFileReference; lastKnownFileType = sourcecode.swift; path = StaggeredGridLayoutView.swift; sourceTree = "<group>"; };
/* End PBXFileReference section */

/* Begin PBXFrameworksBuildPhase section */
		026AEBD428412B4300262773 /* Frameworks */ = {
			isa = PBXFrameworksBuildPhase;
			buildActionMask = 2147483647;
			files = (
			);
			runOnlyForDeploymentPostprocessing = 0;
		};
/* End PBXFrameworksBuildPhase section */

/* Begin PBXGroup section */
		026AEBCE28412B4300262773 = {
			isa = PBXGroup;
			children = (
				026AEBD928412B4300262773 /* ResearchProject */,
				026AEBD828412B4300262773 /* Products */,
			);
			sourceTree = "<group>";
		};
		026AEBD828412B4300262773 /* Products */ = {
			isa = PBXGroup;
			children = (
				026AEBD728412B4300262773 /* ResearchProject.app */,
			);
			name = Products;
			sourceTree = "<group>";
		};
		026AEBD928412B4300262773 /* ResearchProject */ = {
			isa = PBXGroup;
			children = (
				026AEBEE28412E8A00262773 /* Managers */,
				026AEBEA28412B6900262773 /* Models */,
				026AEBE928412B6200262773 /* ViewModels */,
				026AEBE828412B5E00262773 /* Views */,
				026AEBDA28412B4300262773 /* ResearchProjectApp.swift */,
				026AEBDE28412B4500262773 /* Assets.xcassets */,
				026AEBE028412B4500262773 /* Preview Content */,
			);
			path = ResearchProject;
			sourceTree = "<group>";
		};
		026AEBE028412B4500262773 /* Preview Content */ = {
			isa = PBXGroup;
			children = (
				026AEBE128412B4500262773 /* Preview Assets.xcassets */,
			);
			path = "Preview Content";
			sourceTree = "<group>";
		};
		026AEBE828412B5E00262773 /* Views */ = {
			isa = PBXGroup;
			children = (
				C8582F7028429D0F0067D6CC /* StaggeredGrid */,
				026AEBEB28412B7000262773 /* VisualLayoutGuide */,
				C8582F7528429D3D0067D6CC /* TabContainerView.swift */,
				C8582F7928429D730067D6CC /* TabItemView.swift */,
			);
			path = Views;
			sourceTree = "<group>";
		};
		026AEBE928412B6200262773 /* ViewModels */ = {
			isa = PBXGroup;
			children = (
			);
			path = ViewModels;
			sourceTree = "<group>";
		};
		026AEBEA28412B6900262773 /* Models */ = {
			isa = PBXGroup;
			children = (
				C8582F7B2842A0800067D6CC /* StaggeredGridItem.swift */,
			);
			path = Models;
			sourceTree = "<group>";
		};
		026AEBEB28412B7000262773 /* VisualLayoutGuide */ = {
			isa = PBXGroup;
			children = (
				026AEBEC28412B8000262773 /* VisualLayoutGuideView.swift */,
			);
			path = VisualLayoutGuide;
			sourceTree = "<group>";
		};
		026AEBEE28412E8A00262773 /* Managers */ = {
			isa = PBXGroup;
			children = (
				026AEBEF28412E9300262773 /* HapticManager.swift */,
			);
			path = Managers;
			sourceTree = "<group>";
		};
		C8582F7028429D0F0067D6CC /* StaggeredGrid */ = {
			isa = PBXGroup;
			children = (
				C8582F7728429D4B0067D6CC /* StaggeredGridView.swift */,
				C8582F7D2842A0AA0067D6CC /* StaggeredGridLayoutView.swift */,
			);
			path = StaggeredGrid;
			sourceTree = "<group>";
		};
/* End PBXGroup section */

/* Begin PBXNativeTarget section */
		026AEBD628412B4300262773 /* ResearchProject */ = {
			isa = PBXNativeTarget;
			buildConfigurationList = 026AEBE528412B4500262773 /* Build configuration list for PBXNativeTarget "ResearchProject" */;
			buildPhases = (
				026AEBD328412B4300262773 /* Sources */,
				026AEBD428412B4300262773 /* Frameworks */,
				026AEBD528412B4300262773 /* Resources */,
			);
			buildRules = (
			);
			dependencies = (
			);
			name = ResearchProject;
			productName = ResearchProject;
			productReference = 026AEBD728412B4300262773 /* ResearchProject.app */;
			productType = "com.apple.product-type.application";
		};
/* End PBXNativeTarget section */

/* Begin PBXProject section */
		026AEBCF28412B4300262773 /* Project object */ = {
			isa = PBXProject;
			attributes = {
				BuildIndependentTargetsInParallel = 1;
				LastSwiftUpdateCheck = 1330;
				LastUpgradeCheck = 1330;
				TargetAttributes = {
					026AEBD628412B4300262773 = {
						CreatedOnToolsVersion = 13.3;
					};
				};
			};
			buildConfigurationList = 026AEBD228412B4300262773 /* Build configuration list for PBXProject "ResearchProject" */;
			compatibilityVersion = "Xcode 13.0";
			developmentRegion = en;
			hasScannedForEncodings = 0;
			knownRegions = (
				en,
				Base,
			);
			mainGroup = 026AEBCE28412B4300262773;
			productRefGroup = 026AEBD828412B4300262773 /* Products */;
			projectDirPath = "";
			projectRoot = "";
			targets = (
				026AEBD628412B4300262773 /* ResearchProject */,
			);
		};
/* End PBXProject section */

/* Begin PBXResourcesBuildPhase section */
		026AEBD528412B4300262773 /* Resources */ = {
			isa = PBXResourcesBuildPhase;
			buildActionMask = 2147483647;
			files = (
				026AEBE228412B4500262773 /* Preview Assets.xcassets in Resources */,
				026AEBDF28412B4500262773 /* Assets.xcassets in Resources */,
			);
			runOnlyForDeploymentPostprocessing = 0;
		};
/* End PBXResourcesBuildPhase section */

/* Begin PBXSourcesBuildPhase section */
		026AEBD328412B4300262773 /* Sources */ = {
			isa = PBXSourcesBuildPhase;
			buildActionMask = 2147483647;
			files = (
				026AEBED28412B8000262773 /* VisualLayoutGuideView.swift in Sources */,
				C8582F7828429D4B0067D6CC /* StaggeredGridView.swift in Sources */,
				026AEBF028412E9300262773 /* HapticManager.swift in Sources */,
				C8582F7A28429D730067D6CC /* TabItemView.swift in Sources */,
				026AEBDB28412B4300262773 /* ResearchProjectApp.swift in Sources */,
				C8582F7E2842A0AA0067D6CC /* StaggeredGridLayoutView.swift in Sources */,
				C8582F7C2842A0800067D6CC /* StaggeredGridItem.swift in Sources */,
				C8582F7628429D3D0067D6CC /* TabContainerView.swift in Sources */,
			);
			runOnlyForDeploymentPostprocessing = 0;
		};
/* End PBXSourcesBuildPhase section */

/* Begin XCBuildConfiguration section */
		026AEBE328412B4500262773 /* Debug */ = {
			isa = XCBuildConfiguration;
			buildSettings = {
				ALWAYS_SEARCH_USER_PATHS = NO;
				CLANG_ANALYZER_NONNULL = YES;
				CLANG_ANALYZER_NUMBER_OBJECT_CONVERSION = YES_AGGRESSIVE;
				CLANG_CXX_LANGUAGE_STANDARD = "gnu++17";
				CLANG_ENABLE_MODULES = YES;
				CLANG_ENABLE_OBJC_ARC = YES;
				CLANG_ENABLE_OBJC_WEAK = YES;
				CLANG_WARN_BLOCK_CAPTURE_AUTORELEASING = YES;
				CLANG_WARN_BOOL_CONVERSION = YES;
				CLANG_WARN_COMMA = YES;
				CLANG_WARN_CONSTANT_CONVERSION = YES;
				CLANG_WARN_DEPRECATED_OBJC_IMPLEMENTATIONS = YES;
				CLANG_WARN_DIRECT_OBJC_ISA_USAGE = YES_ERROR;
				CLANG_WARN_DOCUMENTATION_COMMENTS = YES;
				CLANG_WARN_EMPTY_BODY = YES;
				CLANG_WARN_ENUM_CONVERSION = YES;
				CLANG_WARN_INFINITE_RECURSION = YES;
				CLANG_WARN_INT_CONVERSION = YES;
				CLANG_WARN_NON_LITERAL_NULL_CONVERSION = YES;
				CLANG_WARN_OBJC_IMPLICIT_RETAIN_SELF = YES;
				CLANG_WARN_OBJC_LITERAL_CONVERSION = YES;
				CLANG_WARN_OBJC_ROOT_CLASS = YES_ERROR;
				CLANG_WARN_QUOTED_INCLUDE_IN_FRAMEWORK_HEADER = YES;
				CLANG_WARN_RANGE_LOOP_ANALYSIS = YES;
				CLANG_WARN_STRICT_PROTOTYPES = YES;
				CLANG_WARN_SUSPICIOUS_MOVE = YES;
				CLANG_WARN_UNGUARDED_AVAILABILITY = YES_AGGRESSIVE;
				CLANG_WARN_UNREACHABLE_CODE = YES;
				CLANG_WARN__DUPLICATE_METHOD_MATCH = YES;
				COPY_PHASE_STRIP = NO;
				DEBUG_INFORMATION_FORMAT = dwarf;
				ENABLE_STRICT_OBJC_MSGSEND = YES;
				ENABLE_TESTABILITY = YES;
				GCC_C_LANGUAGE_STANDARD = gnu11;
				GCC_DYNAMIC_NO_PIC = NO;
				GCC_NO_COMMON_BLOCKS = YES;
				GCC_OPTIMIZATION_LEVEL = 0;
				GCC_PREPROCESSOR_DEFINITIONS = (
					"DEBUG=1",
					"$(inherited)",
				);
				GCC_WARN_64_TO_32_BIT_CONVERSION = YES;
				GCC_WARN_ABOUT_RETURN_TYPE = YES_ERROR;
				GCC_WARN_UNDECLARED_SELECTOR = YES;
				GCC_WARN_UNINITIALIZED_AUTOS = YES_AGGRESSIVE;
				GCC_WARN_UNUSED_FUNCTION = YES;
				GCC_WARN_UNUSED_VARIABLE = YES;
				IPHONEOS_DEPLOYMENT_TARGET = 15.4;
				MTL_ENABLE_DEBUG_INFO = INCLUDE_SOURCE;
				MTL_FAST_MATH = YES;
				ONLY_ACTIVE_ARCH = YES;
				SDKROOT = iphoneos;
				SWIFT_ACTIVE_COMPILATION_CONDITIONS = DEBUG;
				SWIFT_OPTIMIZATION_LEVEL = "-Onone";
			};
			name = Debug;
		};
		026AEBE428412B4500262773 /* Release */ = {
			isa = XCBuildConfiguration;
			buildSettings = {
				ALWAYS_SEARCH_USER_PATHS = NO;
				CLANG_ANALYZER_NONNULL = YES;
				CLANG_ANALYZER_NUMBER_OBJECT_CONVERSION = YES_AGGRESSIVE;
				CLANG_CXX_LANGUAGE_STANDARD = "gnu++17";
				CLANG_ENABLE_MODULES = YES;
				CLANG_ENABLE_OBJC_ARC = YES;
				CLANG_ENABLE_OBJC_WEAK = YES;
				CLANG_WARN_BLOCK_CAPTURE_AUTORELEASING = YES;
				CLANG_WARN_BOOL_CONVERSION = YES;
				CLANG_WARN_COMMA = YES;
				CLANG_WARN_CONSTANT_CONVERSION = YES;
				CLANG_WARN_DEPRECATED_OBJC_IMPLEMENTATIONS = YES;
				CLANG_WARN_DIRECT_OBJC_ISA_USAGE = YES_ERROR;
				CLANG_WARN_DOCUMENTATION_COMMENTS = YES;
				CLANG_WARN_EMPTY_BODY = YES;
				CLANG_WARN_ENUM_CONVERSION = YES;
				CLANG_WARN_INFINITE_RECURSION = YES;
				CLANG_WARN_INT_CONVERSION = YES;
				CLANG_WARN_NON_LITERAL_NULL_CONVERSION = YES;
				CLANG_WARN_OBJC_IMPLICIT_RETAIN_SELF = YES;
				CLANG_WARN_OBJC_LITERAL_CONVERSION = YES;
				CLANG_WARN_OBJC_ROOT_CLASS = YES_ERROR;
				CLANG_WARN_QUOTED_INCLUDE_IN_FRAMEWORK_HEADER = YES;
				CLANG_WARN_RANGE_LOOP_ANALYSIS = YES;
				CLANG_WARN_STRICT_PROTOTYPES = YES;
				CLANG_WARN_SUSPICIOUS_MOVE = YES;
				CLANG_WARN_UNGUARDED_AVAILABILITY = YES_AGGRESSIVE;
				CLANG_WARN_UNREACHABLE_CODE = YES;
				CLANG_WARN__DUPLICATE_METHOD_MATCH = YES;
				COPY_PHASE_STRIP = NO;
				DEBUG_INFORMATION_FORMAT = "dwarf-with-dsym";
				ENABLE_NS_ASSERTIONS = NO;
				ENABLE_STRICT_OBJC_MSGSEND = YES;
				GCC_C_LANGUAGE_STANDARD = gnu11;
				GCC_NO_COMMON_BLOCKS = YES;
				GCC_WARN_64_TO_32_BIT_CONVERSION = YES;
				GCC_WARN_ABOUT_RETURN_TYPE = YES_ERROR;
				GCC_WARN_UNDECLARED_SELECTOR = YES;
				GCC_WARN_UNINITIALIZED_AUTOS = YES_AGGRESSIVE;
				GCC_WARN_UNUSED_FUNCTION = YES;
				GCC_WARN_UNUSED_VARIABLE = YES;
				IPHONEOS_DEPLOYMENT_TARGET = 15.4;
				MTL_ENABLE_DEBUG_INFO = NO;
				MTL_FAST_MATH = YES;
				SDKROOT = iphoneos;
				SWIFT_COMPILATION_MODE = wholemodule;
				SWIFT_OPTIMIZATION_LEVEL = "-O";
				VALIDATE_PRODUCT = YES;
			};
			name = Release;
		};
		026AEBE628412B4500262773 /* Debug */ = {
			isa = XCBuildConfiguration;
			buildSettings = {
				ASSETCATALOG_COMPILER_APPICON_NAME = AppIcon;
				ASSETCATALOG_COMPILER_GLOBAL_ACCENT_COLOR_NAME = AccentColor;
				CODE_SIGN_STYLE = Automatic;
				CURRENT_PROJECT_VERSION = 1;
				DEVELOPMENT_ASSET_PATHS = "\"ResearchProject/Preview Content\"";
				DEVELOPMENT_TEAM = 3LGZY3S9Q5;
				ENABLE_PREVIEWS = YES;
				GENERATE_INFOPLIST_FILE = YES;
				INFOPLIST_KEY_UIApplicationSceneManifest_Generation = YES;
				INFOPLIST_KEY_UIApplicationSupportsIndirectInputEvents = YES;
				INFOPLIST_KEY_UILaunchScreen_Generation = YES;
				INFOPLIST_KEY_UISupportedInterfaceOrientations_iPad = "UIInterfaceOrientationPortrait UIInterfaceOrientationPortraitUpsideDown UIInterfaceOrientationLandscapeLeft UIInterfaceOrientationLandscapeRight";
				INFOPLIST_KEY_UISupportedInterfaceOrientations_iPhone = "UIInterfaceOrientationPortrait UIInterfaceOrientationLandscapeLeft UIInterfaceOrientationLandscapeRight";
				LD_RUNPATH_SEARCH_PATHS = (
					"$(inherited)",
					"@executable_path/Frameworks",
				);
				MARKETING_VERSION = 1.0;
				PRODUCT_BUNDLE_IDENTIFIER = com.kyaw.ResearchProject;
				PRODUCT_NAME = "$(TARGET_NAME)";
				SWIFT_EMIT_LOC_STRINGS = YES;
				SWIFT_VERSION = 5.0;
				TARGETED_DEVICE_FAMILY = "1,2";
			};
			name = Debug;
		};
		026AEBE728412B4500262773 /* Release */ = {
			isa = XCBuildConfiguration;
			buildSettings = {
				ASSETCATALOG_COMPILER_APPICON_NAME = AppIcon;
				ASSETCATALOG_COMPILER_GLOBAL_ACCENT_COLOR_NAME = AccentColor;
				CODE_SIGN_STYLE = Automatic;
				CURRENT_PROJECT_VERSION = 1;
				DEVELOPMENT_ASSET_PATHS = "\"ResearchProject/Preview Content\"";
				DEVELOPMENT_TEAM = 3LGZY3S9Q5;
				ENABLE_PREVIEWS = YES;
				GENERATE_INFOPLIST_FILE = YES;
				INFOPLIST_KEY_UIApplicationSceneManifest_Generation = YES;
				INFOPLIST_KEY_UIApplicationSupportsIndirectInputEvents = YES;
				INFOPLIST_KEY_UILaunchScreen_Generation = YES;
				INFOPLIST_KEY_UISupportedInterfaceOrientations_iPad = "UIInterfaceOrientationPortrait UIInterfaceOrientationPortraitUpsideDown UIInterfaceOrientationLandscapeLeft UIInterfaceOrientationLandscapeRight";
				INFOPLIST_KEY_UISupportedInterfaceOrientations_iPhone = "UIInterfaceOrientationPortrait UIInterfaceOrientationLandscapeLeft UIInterfaceOrientationLandscapeRight";
				LD_RUNPATH_SEARCH_PATHS = (
					"$(inherited)",
					"@executable_path/Frameworks",
				);
				MARKETING_VERSION = 1.0;
				PRODUCT_BUNDLE_IDENTIFIER = com.kyaw.ResearchProject;
				PRODUCT_NAME = "$(TARGET_NAME)";
				SWIFT_EMIT_LOC_STRINGS = YES;
				SWIFT_VERSION = 5.0;
				TARGETED_DEVICE_FAMILY = "1,2";
			};
			name = Release;
		};
/* End XCBuildConfiguration section */

/* Begin XCConfigurationList section */
		026AEBD228412B4300262773 /* Build configuration list for PBXProject "ResearchProject" */ = {
			isa = XCConfigurationList;
			buildConfigurations = (
				026AEBE328412B4500262773 /* Debug */,
				026AEBE428412B4500262773 /* Release */,
			);
			defaultConfigurationIsVisible = 0;
			defaultConfigurationName = Release;
		};
		026AEBE528412B4500262773 /* Build configuration list for PBXNativeTarget "ResearchProject" */ = {
			isa = XCConfigurationList;
			buildConfigurations = (
				026AEBE628412B4500262773 /* Debug */,
				026AEBE728412B4500262773 /* Release */,
			);
			defaultConfigurationIsVisible = 0;
			defaultConfigurationName = Release;
		};
/* End XCConfigurationList section */
	};
	rootObject = 026AEBCF28412B4300262773 /* Project object */;
}
